
Microsoft Visual Studio Solution File, Format Version 12.00
# Visual Studio 15
Project("{FAE04EC0-301F-11D3-BF4B-00C04F79EFBC}") = "Examen", "Examen\Examen.csproj", "{10A86BE9-9DB5-4BD2-BD6E-97FE9F0CF429}"
EndProject
Global
	GlobalSection(SolutionConfigurationPlatforms) = preSolution
		Debug|anycpu = Debug|anycpu
		Release|anycpu = Release|anycpu
	EndGlobalSection
	GlobalSection(ProjectConfigurationPlatforms) = postSolution
		{10A86BE9-9DB5-4BD2-BD6E-97FE9F0CF429}.Debug|anycpu.ActiveCfg = Debug|anycpu
		{10A86BE9-9DB5-4BD2-BD6E-97FE9F0CF429}.Debug|anycpu.Build.0 = Debug|anycpu
		{10A86BE9-9DB5-4BD2-BD6E-97FE9F0CF429}.Release|anycpu.ActiveCfg = Release|anycpu
		{10A86BE9-9DB5-4BD2-BD6E-97FE9F0CF429}.Release|anycpu.Build.0 = Release|anycpu
	EndGlobalSection
EndGlobal
